<?xml version="1.0" encoding="UTF-8" standalone="yes" ?>
<CodeBlocks_project_file>
	<FileVersion major="1" minor="6" />
	<Project>
		<Option title="dbx_tree" />
		<Option pch_mode="2" />
		<Option compiler="gcc" />
		<Option virtualFolders="Database\;Database\FileAccess\;Database\FileAccess\Encryption\;Database\FileAccess\Encryption\ARC4\;Database\FileAccess\Encryption\Cast128\;Database\FileAccess\Encryption\HC256\;Database\FileAccess\Encryption\SHA256\;Database\FileAccess\HeaderFiles\;Database\HeaderFiles\;Interface\;Interface\HeaderFiles\;Resources\;Resource\;Utils\;Utils\HeaderFiles\;" />
		<Build>
			<Target title="Debug Win32">
				<Option output="bin\dbx_tree_D_GCC" prefix_auto="1" extension_auto="1" />
				<Option object_output="Debug GCC" />
				<Option type="3" />
				<Option compiler="gcc" />
				<Option createDefFile="1" />
				<Option createStaticLib="1" />
				<Compiler>
					<Add option="-W" />
					<Add option="-g" />
					<Add option="-O0" />
					<Add directory="..\..\include" />
				</Compiler>
				<ResourceCompiler>
					<Add directory="..\..\include" />
				</ResourceCompiler>
			</Target>
			<Target title="Release Win32">
				<Option output="bin\dbx_tree_R_GCC" prefix_auto="1" extension_auto="1" />
				<Option object_output="Release GCC" />
				<Option type="3" />
				<Option compiler="gcc" />
				<Option createDefFile="1" />
				<Option createStaticLib="1" />
				<Compiler>
					<Add option="-fexpensive-optimizations" />
					<Add option="-Os" />
					<Add option="-O3" />
					<Add option="-W" />
					<Add directory="..\..\include" />
				</Compiler>
				<ResourceCompiler>
					<Add directory="..\..\include" />
				</ResourceCompiler>
				<Linker>
					<Add option="-s" />
				</Linker>
			</Target>
			<Target title="Debug Unicode Win32">
				<Option output="bin\dbx_tree_DU_GCC" prefix_auto="1" extension_auto="1" />
				<Option object_output="Debug Unicode GCC" />
				<Option type="3" />
				<Option compiler="gcc" />
				<Option createDefFile="1" />
				<Option createStaticLib="1" />
				<Compiler>
					<Add option="-W" />
					<Add option="-g" />
					<Add option="-O0" />
					<Add option="-DUNICODE" />
					<Add directory="..\..\include" />
				</Compiler>
				<ResourceCompiler>
					<Add directory="..\..\include" />
				</ResourceCompiler>
			</Target>
			<Target title="Release Unicode Win32">
				<Option output="bin\dbx_tree_RU_GCC" prefix_auto="1" extension_auto="1" />
				<Option object_output="Release Unicode GCC" />
				<Option type="3" />
				<Option compiler="gcc" />
				<Option createDefFile="1" />
				<Option createStaticLib="1" />
				<Compiler>
					<Add option="-fexpensive-optimizations" />
					<Add option="-Os" />
					<Add option="-O3" />
					<Add option="-W" />
					<Add option="-DUNICODE" />
					<Add directory="..\..\include" />
				</Compiler>
				<ResourceCompiler>
					<Add directory="..\..\include" />
				</ResourceCompiler>
				<Linker>
					<Add option="-s" />
				</Linker>
			</Target>
		</Build>
		<Compiler>
			<Add option="-fpermissive" />
			<Add option="-D__cplusplus" />
		</Compiler>
		<Unit filename="ARC4.cpp">
			<Option virtualFolder="Database\FileAccess\Encryption\ARC4\" />
		</Unit>
		<Unit filename="ARC4.h">
			<Option virtualFolder="Database\FileAccess\Encryption\ARC4\" />
		</Unit>
		<Unit filename="BTree.h">
			<Option virtualFolder="Database\HeaderFiles\" />
		</Unit>
		<Unit filename="BlockManager.cpp">
			<Option virtualFolder="Database\FileAccess\" />
		</Unit>
		<Unit filename="BlockManager.h">
			<Option virtualFolder="Database\FileAccess\HeaderFiles\" />
		</Unit>
		<Unit filename="CAST128.cpp">
			<Option virtualFolder="Database\FileAccess\Encryption\Cast128\" />
		</Unit>
		<Unit filename="CAST128.h">
			<Option virtualFolder="Database\FileAccess\Encryption\Cast128\" />
		</Unit>
		<Unit filename="CAST128.inc">
			<Option virtualFolder="Database\FileAccess\Encryption\Cast128\" />
		</Unit>
		<Unit filename="Cipher.h">
			<Option virtualFolder="Database\FileAccess\Encryption\" />
		</Unit>
		<Unit filename="CipherList.inc">
			<Option virtualFolder="Database\FileAccess\Encryption\" />
		</Unit>
		<Unit filename="Compatibility.cpp">
			<Option virtualFolder="Interface\" />
		</Unit>
		<Unit filename="Compatibility.h">
			<Option virtualFolder="Interface\HeaderFiles\" />
		</Unit>
		<Unit filename="DataBase.cpp">
			<Option virtualFolder="Database\" />
		</Unit>
		<Unit filename="DataBase.h">
			<Option virtualFolder="Database\HeaderFiles\" />
		</Unit>
		<Unit filename="DatabaseLink.cpp">
			<Option virtualFolder="Interface\" />
		</Unit>
		<Unit filename="DatabaseLink.h">
			<Option virtualFolder="Interface\HeaderFiles\" />
		</Unit>
		<Unit filename="DirectAccess.cpp">
			<Option virtualFolder="Database\FileAccess\" />
		</Unit>
		<Unit filename="DirectAccess.h">
			<Option virtualFolder="Database\FileAccess\HeaderFiles\" />
		</Unit>
		<Unit filename="EncryptionManager.cpp">
			<Option virtualFolder="Database\FileAccess\Encryption\" />
		</Unit>
		<Unit filename="EncryptionManager.h">
			<Option virtualFolder="Database\FileAccess\Encryption\" />
		</Unit>
		<Unit filename="Entities.cpp">
			<Option virtualFolder="Database\" />
		</Unit>
		<Unit filename="Entities.h">
			<Option virtualFolder="Database\HeaderFiles\" />
		</Unit>
		<Unit filename="Events.cpp">
			<Option virtualFolder="Database\" />
		</Unit>
		<Unit filename="Events.h">
			<Option virtualFolder="Database\HeaderFiles\" />
		</Unit>
		<Unit filename="Exception.cpp">
			<Option virtualFolder="Utils\" />
		</Unit>
		<Unit filename="Exception.h">
			<Option virtualFolder="Utils\HeaderFiles\" />
		</Unit>
		<Unit filename="FileAccess.cpp">
			<Option virtualFolder="Database\FileAccess\" />
		</Unit>
		<Unit filename="FileAccess.h">
			<Option virtualFolder="Database\FileAccess\HeaderFiles\" />
		</Unit>
		<Unit filename="FileBTree.h">
			<Option virtualFolder="Database\HeaderFiles\" />
		</Unit>
		<Unit filename="HC256.cpp">
			<Option virtualFolder="Database\FileAccess\Encryption\HC256\" />
		</Unit>
		<Unit filename="HC256.h">
			<Option virtualFolder="Database\FileAccess\Encryption\HC256\" />
		</Unit>
		<Unit filename="Hash.cpp">
			<Option virtualFolder="Utils\" />
		</Unit>
		<Unit filename="Hash.h">
			<Option virtualFolder="Utils\HeaderFiles\" />
		</Unit>
		<Unit filename="Interface.h">
			<Option virtualFolder="Interface\HeaderFiles\" />
		</Unit>
		<Unit filename="IterationHeap.h">
			<Option virtualFolder="Utils\HeaderFiles\" />
		</Unit>
		<Unit filename="MREWSync.cpp">
			<Option virtualFolder="Utils\" />
		</Unit>
		<Unit filename="MREWSync.h">
			<Option virtualFolder="Utils\HeaderFiles\" />
		</Unit>
		<Unit filename="MappedMemory.cpp">
			<Option virtualFolder="Database\FileAccess\" />
		</Unit>
		<Unit filename="MappedMemory.h">
			<Option virtualFolder="Database\FileAccess\HeaderFiles\" />
		</Unit>
		<Unit filename="SHA256.cpp">
			<Option virtualFolder="Database\FileAccess\Encryption\SHA256\" />
		</Unit>
		<Unit filename="SHA256.h">
			<Option virtualFolder="Database\FileAccess\Encryption\SHA256\" />
		</Unit>
		<Unit filename="Services.cpp">
			<Option virtualFolder="Interface\" />
		</Unit>
		<Unit filename="Services.h">
			<Option virtualFolder="Interface\HeaderFiles\" />
		</Unit>
		<Unit filename="Settings.cpp">
			<Option virtualFolder="Database\" />
		</Unit>
		<Unit filename="Settings.h">
			<Option virtualFolder="Database\HeaderFiles\" />
		</Unit>
		<Unit filename="Thread.cpp">
			<Option virtualFolder="Utils\" />
		</Unit>
		<Unit filename="Thread.h">
			<Option virtualFolder="Utils\HeaderFiles\" />
		</Unit>
		<Unit filename="dbConfig.rc">
			<Option compilerVar="WINDRES" />
			<Option virtualFolder="Resource\" />
		</Unit>
		<Unit filename="dbConfig_rc.h">
			<Option virtualFolder="Resource\" />
		</Unit>
		<Unit filename="dbVersion.rc">
			<Option compilerVar="WINDRES" />
			<Option virtualFolder="Resource\" />
		</Unit>
		<Unit filename="dbVersion_rc.h">
			<Option virtualFolder="Resource\" />
		</Unit>
		<Unit filename="init.cpp">
			<Option virtualFolder="Interface\" />
		</Unit>
		<Unit filename="intrin_gcc.h">
			<Option virtualFolder="Utils\HeaderFiles\" />
		</Unit>
		<Unit filename="m_dbx_tree.h">
			<Option virtualFolder="Interface\HeaderFiles\" />
		</Unit>
		<Unit filename="savestrings_gcc.h">
			<Option virtualFolder="Utils\HeaderFiles\" />
		</Unit>
		<Unit filename="sigslot.h">
			<Option virtualFolder="Utils\HeaderFiles\" />
		</Unit>
		<Unit filename="stdint.h">
			<Option virtualFolder="Utils\HeaderFiles\" />
		</Unit>
		<Extensions>
			<code_completion />
			<envvars />
			<debugger />
			<lib_finder disable_auto="1" />
		</Extensions>
	</Project>
</CodeBlocks_project_file>
